
Microsoft Visual Studio Solution File, Format Version 12.00
# Visual Studio Version 17
VisualStudioVersion = 17.10.34902.84
MinimumVisualStudioVersion = 10.0.40219.1
Project("{2150E333-8FDC-42A3-9474-1A3956D46DE8}") = "src", "src", "{37FB8716-8C5A-4C38-A889-2F64AB8E1524}"
EndProject
Project("{9A19103F-16F7-4668-BE54-9A1E7A4F7556}") = "Core", "src\Core\Core.csproj", "{C5201DC4-9D45-4149-8158-17BB2B6B02D6}"
EndProject
Project("{9A19103F-16F7-4668-BE54-9A1E7A4F7556}") = "Tcp", "src\Tcp\Tcp.csproj", "{73BAD7A3-CD76-4554-BABD-D4856E58C959}"
EndProject
Project("{9A19103F-16F7-4668-BE54-9A1E7A4F7556}") = "WebSocket", "src\WebSocket\WebSocket.csproj", "{FC26F189-1F70-48C7-B881-0D9A552F5DF0}"
EndProject
Project("{9A19103F-16F7-4668-BE54-9A1E7A4F7556}") = "Mqtt", "src\Mqtt\Mqtt.csproj", "{341912D6-2DEC-4C03-8EB3-5FDAE954C366}"
EndProject
Project("{2150E333-8FDC-42A3-9474-1A3956D46DE8}") = "sample", "sample", "{FD299CB6-FBFB-40FE-A9A9-ABF2DC4B246D}"
EndProject
Project("{9A19103F-16F7-4668-BE54-9A1E7A4F7556}") = "TcpSample", "sample\TcpSample\TcpSample.csproj", "{9C3BAF3D-3AAE-4A6A-B2C2-91BB83069124}"
EndProject
Project("{FAE04EC0-301F-11D3-BF4B-00C04F79EFBC}") = "WebSocketSample", "sample\WebSocketSample\WebSocketSample.csproj", "{6D81198C-145B-4406-87AE-23BF078505D3}"
EndProject
Project("{FAE04EC0-301F-11D3-BF4B-00C04F79EFBC}") = "MqttSample", "sample\MqttSample\MqttSample.csproj", "{86EDB2C8-22A0-40A5-A50F-0D304E0EC46A}"
EndProject
Global
	GlobalSection(SolutionConfigurationPlatforms) = preSolution
		Debug|Any CPU = Debug|Any CPU
		Release|Any CPU = Release|Any CPU
	EndGlobalSection
	GlobalSection(ProjectConfigurationPlatforms) = postSolution
		{C5201DC4-9D45-4149-8158-17BB2B6B02D6}.Debug|Any CPU.ActiveCfg = Debug|Any CPU
		{C5201DC4-9D45-4149-8158-17BB2B6B02D6}.Debug|Any CPU.Build.0 = Debug|Any CPU
		{C5201DC4-9D45-4149-8158-17BB2B6B02D6}.Release|Any CPU.ActiveCfg = Release|Any CPU
		{C5201DC4-9D45-4149-8158-17BB2B6B02D6}.Release|Any CPU.Build.0 = Release|Any CPU
		{73BAD7A3-CD76-4554-BABD-D4856E58C959}.Debug|Any CPU.ActiveCfg = Debug|Any CPU
		{73BAD7A3-CD76-4554-BABD-D4856E58C959}.Debug|Any CPU.Build.0 = Debug|Any CPU
		{73BAD7A3-CD76-4554-BABD-D4856E58C959}.Release|Any CPU.ActiveCfg = Release|Any CPU
		{73BAD7A3-CD76-4554-BABD-D4856E58C959}.Release|Any CPU.Build.0 = Release|Any CPU
		{FC26F189-1F70-48C7-B881-0D9A552F5DF0}.Debug|Any CPU.ActiveCfg = Debug|Any CPU
		{FC26F189-1F70-48C7-B881-0D9A552F5DF0}.Debug|Any CPU.Build.0 = Debug|Any CPU
		{FC26F189-1F70-48C7-B881-0D9A552F5DF0}.Release|Any CPU.ActiveCfg = Release|Any CPU
		{FC26F189-1F70-48C7-B881-0D9A552F5DF0}.Release|Any CPU.Build.0 = Release|Any CPU
		{341912D6-2DEC-4C03-8EB3-5FDAE954C366}.Debug|Any CPU.ActiveCfg = Debug|Any CPU
		{341912D6-2DEC-4C03-8EB3-5FDAE954C366}.Debug|Any CPU.Build.0 = Debug|Any CPU
		{341912D6-2DEC-4C03-8EB3-5FDAE954C366}.Release|Any CPU.ActiveCfg = Release|Any CPU
		{341912D6-2DEC-4C03-8EB3-5FDAE954C366}.Release|Any CPU.Build.0 = Release|Any CPU
		{9C3BAF3D-3AAE-4A6A-B2C2-91BB83069124}.Debug|Any CPU.ActiveCfg = Debug|Any CPU
		{9C3BAF3D-3AAE-4A6A-B2C2-91BB83069124}.Debug|Any CPU.Build.0 = Debug|Any CPU
		{9C3BAF3D-3AAE-4A6A-B2C2-91BB83069124}.Release|Any CPU.ActiveCfg = Release|Any CPU
		{9C3BAF3D-3AAE-4A6A-B2C2-91BB83069124}.Release|Any CPU.Build.0 = Release|Any CPU
		{6D81198C-145B-4406-87AE-23BF078505D3}.Debug|Any CPU.ActiveCfg = Debug|Any CPU
		{6D81198C-145B-4406-87AE-23BF078505D3}.Debug|Any CPU.Build.0 = Debug|Any CPU
		{6D81198C-145B-4406-87AE-23BF078505D3}.Release|Any CPU.ActiveCfg = Release|Any CPU
		{6D81198C-145B-4406-87AE-23BF078505D3}.Release|Any CPU.Build.0 = Release|Any CPU
		{86EDB2C8-22A0-40A5-A50F-0D304E0EC46A}.Debug|Any CPU.ActiveCfg = Debug|Any CPU
		{86EDB2C8-22A0-40A5-A50F-0D304E0EC46A}.Debug|Any CPU.Build.0 = Debug|Any CPU
		{86EDB2C8-22A0-40A5-A50F-0D304E0EC46A}.Release|Any CPU.ActiveCfg = Release|Any CPU
		{86EDB2C8-22A0-40A5-A50F-0D304E0EC46A}.Release|Any CPU.Build.0 = Release|Any CPU
	EndGlobalSection
	GlobalSection(SolutionProperties) = preSolution
		HideSolutionNode = FALSE
	EndGlobalSection
	GlobalSection(NestedProjects) = preSolution
		{C5201DC4-9D45-4149-8158-17BB2B6B02D6} = {37FB8716-8C5A-4C38-A889-2F64AB8E1524}
		{73BAD7A3-CD76-4554-BABD-D4856E58C959} = {37FB8716-8C5A-4C38-A889-2F64AB8E1524}
		{FC26F189-1F70-48C7-B881-0D9A552F5DF0} = {37FB8716-8C5A-4C38-A889-2F64AB8E1524}
		{341912D6-2DEC-4C03-8EB3-5FDAE954C366} = {37FB8716-8C5A-4C38-A889-2F64AB8E1524}
		{9C3BAF3D-3AAE-4A6A-B2C2-91BB83069124} = {FD299CB6-FBFB-40FE-A9A9-ABF2DC4B246D}
		{6D81198C-145B-4406-87AE-23BF078505D3} = {FD299CB6-FBFB-40FE-A9A9-ABF2DC4B246D}
		{86EDB2C8-22A0-40A5-A50F-0D304E0EC46A} = {FD299CB6-FBFB-40FE-A9A9-ABF2DC4B246D}
	EndGlobalSection
	GlobalSection(ExtensibilityGlobals) = postSolution
		SolutionGuid = {F08DA252-48F4-4038-96E9-D17CA3BE7C00}
	EndGlobalSection
EndGlobal
